// !$*UTF8*$!
{
	archiveVersion = 1;
	classes = {
	};
	objectVersion = 55;
	objects = {

/* Begin PBXBuildFile section */
		6A0B21F4278FB8AB001AD5A9 /* ModifyAndDeleteButtonStackView.swift in Sources */ = {isa = PBXBuildFile; fileRef = 6A0B21F3278FB8AB001AD5A9 /* ModifyAndDeleteButtonStackView.swift */; };
		6A3E16FB27903D68000A786D /* Diary.swift in Sources */ = {isa = PBXBuildFile; fileRef = 6A3E16FA27903D68000A786D /* Diary.swift */; };
		6A4F023F278EE8ED00783946 /* DiaryDetailViewController.swift in Sources */ = {isa = PBXBuildFile; fileRef = 6A4F023E278EE8ED00783946 /* DiaryDetailViewController.swift */; };
		6A4F0241278EE95600783946 /* DiaryDetailLabelStackView.swift in Sources */ = {isa = PBXBuildFile; fileRef = 6A4F0240278EE95600783946 /* DiaryDetailLabelStackView.swift */; };
		6AB07D2A278E75C200802B34 /* BookMarkCollectionViewFlowLayout.swift in Sources */ = {isa = PBXBuildFile; fileRef = 6AB07D29278E75C200802B34 /* BookMarkCollectionViewFlowLayout.swift */; };
		6AB07D2C278E75E300802B34 /* BookMarkCollectionViewCell.swift in Sources */ = {isa = PBXBuildFile; fileRef = 6AB07D2B278E75E300802B34 /* BookMarkCollectionViewCell.swift */; };
		6AB07D2E278E79C700802B34 /* BookMarkLabelStackView.swift in Sources */ = {isa = PBXBuildFile; fileRef = 6AB07D2D278E79C700802B34 /* BookMarkLabelStackView.swift */; };
		6AB07D30278E82AD00802B34 /* BookMarkCollectionView.swift in Sources */ = {isa = PBXBuildFile; fileRef = 6AB07D2F278E82AD00802B34 /* BookMarkCollectionView.swift */; };
		6AB07D32278E834200802B34 /* DiaryCollectionView.swift in Sources */ = {isa = PBXBuildFile; fileRef = 6AB07D31278E834200802B34 /* DiaryCollectionView.swift */; };
		6AB07D34278E852300802B34 /* WriteDiaryViewController.swift in Sources */ = {isa = PBXBuildFile; fileRef = 6AB07D33278E852300802B34 /* WriteDiaryViewController.swift */; };
		6AB07D36278E8B0100802B34 /* ContentsTextView.swift in Sources */ = {isa = PBXBuildFile; fileRef = 6AB07D35278E8B0100802B34 /* ContentsTextView.swift */; };
		6AEE6BA0278D1224001B7B9B /* DiaryCollectionViewFlowLayout.swift in Sources */ = {isa = PBXBuildFile; fileRef = 6AEE6B9F278D1224001B7B9B /* DiaryCollectionViewFlowLayout.swift */; };
		6AFEB5F6278BCC1B00D5971E /* AppDelegate.swift in Sources */ = {isa = PBXBuildFile; fileRef = 6AFEB5F5278BCC1B00D5971E /* AppDelegate.swift */; };
		6AFEB5F8278BCC1B00D5971E /* SceneDelegate.swift in Sources */ = {isa = PBXBuildFile; fileRef = 6AFEB5F7278BCC1B00D5971E /* SceneDelegate.swift */; };
		6AFEB5FA278BCC1B00D5971E /* DiaryViewController.swift in Sources */ = {isa = PBXBuildFile; fileRef = 6AFEB5F9278BCC1B00D5971E /* DiaryViewController.swift */; };
		6AFEB5FF278BCC1C00D5971E /* Assets.xcassets in Resources */ = {isa = PBXBuildFile; fileRef = 6AFEB5FE278BCC1C00D5971E /* Assets.xcassets */; };
		6AFEB602278BCC1C00D5971E /* LaunchScreen.storyboard in Resources */ = {isa = PBXBuildFile; fileRef = 6AFEB600278BCC1C00D5971E /* LaunchScreen.storyboard */; };
		6AFEB60A278BD11400D5971E /* MainTabBarViewController.swift in Sources */ = {isa = PBXBuildFile; fileRef = 6AFEB609278BD11400D5971E /* MainTabBarViewController.swift */; };
		6AFEB60C278BD7B200D5971E /* BookMarkViewController.swift in Sources */ = {isa = PBXBuildFile; fileRef = 6AFEB60B278BD7B200D5971E /* BookMarkViewController.swift */; };
		6AFEB60E278BDA4100D5971E /* DiaryCollectionViewCell.swift in Sources */ = {isa = PBXBuildFile; fileRef = 6AFEB60D278BDA4100D5971E /* DiaryCollectionViewCell.swift */; };
/* End PBXBuildFile section */

/* Begin PBXFileReference section */
		6A0B21F3278FB8AB001AD5A9 /* ModifyAndDeleteButtonStackView.swift */ = {isa = PBXFileReference; lastKnownFileType = sourcecode.swift; path = ModifyAndDeleteButtonStackView.swift; sourceTree = "<group>"; };
		6A3E16FA27903D68000A786D /* Diary.swift */ = {isa = PBXFileReference; lastKnownFileType = sourcecode.swift; path = Diary.swift; sourceTree = "<group>"; };
		6A4F023E278EE8ED00783946 /* DiaryDetailViewController.swift */ = {isa = PBXFileReference; lastKnownFileType = sourcecode.swift; path = DiaryDetailViewController.swift; sourceTree = "<group>"; };
		6A4F0240278EE95600783946 /* DiaryDetailLabelStackView.swift */ = {isa = PBXFileReference; lastKnownFileType = sourcecode.swift; path = DiaryDetailLabelStackView.swift; sourceTree = "<group>"; };
		6AB07D29278E75C200802B34 /* BookMarkCollectionViewFlowLayout.swift */ = {isa = PBXFileReference; lastKnownFileType = sourcecode.swift; path = BookMarkCollectionViewFlowLayout.swift; sourceTree = "<group>"; };
		6AB07D2B278E75E300802B34 /* BookMarkCollectionViewCell.swift */ = {isa = PBXFileReference; lastKnownFileType = sourcecode.swift; path = BookMarkCollectionViewCell.swift; sourceTree = "<group>"; };
		6AB07D2D278E79C700802B34 /* BookMarkLabelStackView.swift */ = {isa = PBXFileReference; lastKnownFileType = sourcecode.swift; path = BookMarkLabelStackView.swift; sourceTree = "<group>"; };
		6AB07D2F278E82AD00802B34 /* BookMarkCollectionView.swift */ = {isa = PBXFileReference; lastKnownFileType = sourcecode.swift; path = BookMarkCollectionView.swift; sourceTree = "<group>"; };
		6AB07D31278E834200802B34 /* DiaryCollectionView.swift */ = {isa = PBXFileReference; lastKnownFileType = sourcecode.swift; path = DiaryCollectionView.swift; sourceTree = "<group>"; };
		6AB07D33278E852300802B34 /* WriteDiaryViewController.swift */ = {isa = PBXFileReference; lastKnownFileType = sourcecode.swift; path = WriteDiaryViewController.swift; sourceTree = "<group>"; };
		6AB07D35278E8B0100802B34 /* ContentsTextView.swift */ = {isa = PBXFileReference; lastKnownFileType = sourcecode.swift; path = ContentsTextView.swift; sourceTree = "<group>"; };
		6AEE6B9F278D1224001B7B9B /* DiaryCollectionViewFlowLayout.swift */ = {isa = PBXFileReference; lastKnownFileType = sourcecode.swift; path = DiaryCollectionViewFlowLayout.swift; sourceTree = "<group>"; };
		6AFEB5F2278BCC1B00D5971E /* FC_Diary.app */ = {isa = PBXFileReference; explicitFileType = wrapper.application; includeInIndex = 0; path = FC_Diary.app; sourceTree = BUILT_PRODUCTS_DIR; };
		6AFEB5F5278BCC1B00D5971E /* AppDelegate.swift */ = {isa = PBXFileReference; lastKnownFileType = sourcecode.swift; path = AppDelegate.swift; sourceTree = "<group>"; };
		6AFEB5F7278BCC1B00D5971E /* SceneDelegate.swift */ = {isa = PBXFileReference; lastKnownFileType = sourcecode.swift; path = SceneDelegate.swift; sourceTree = "<group>"; };
		6AFEB5F9278BCC1B00D5971E /* DiaryViewController.swift */ = {isa = PBXFileReference; lastKnownFileType = sourcecode.swift; path = DiaryViewController.swift; sourceTree = "<group>"; };
		6AFEB5FE278BCC1C00D5971E /* Assets.xcassets */ = {isa = PBXFileReference; lastKnownFileType = folder.assetcatalog; path = Assets.xcassets; sourceTree = "<group>"; };
		6AFEB601278BCC1C00D5971E /* Base */ = {isa = PBXFileReference; lastKnownFileType = file.storyboard; name = Base; path = Base.lproj/LaunchScreen.storyboard; sourceTree = "<group>"; };
		6AFEB603278BCC1C00D5971E /* Info.plist */ = {isa = PBXFileReference; lastKnownFileType = text.plist.xml; path = Info.plist; sourceTree = "<group>"; };
		6AFEB609278BD11400D5971E /* MainTabBarViewController.swift */ = {isa = PBXFileReference; lastKnownFileType = sourcecode.swift; path = MainTabBarViewController.swift; sourceTree = "<group>"; };
		6AFEB60B278BD7B200D5971E /* BookMarkViewController.swift */ = {isa = PBXFileReference; lastKnownFileType = sourcecode.swift; path = BookMarkViewController.swift; sourceTree = "<group>"; };
		6AFEB60D278BDA4100D5971E /* DiaryCollectionViewCell.swift */ = {isa = PBXFileReference; lastKnownFileType = sourcecode.swift; path = DiaryCollectionViewCell.swift; sourceTree = "<group>"; };
/* End PBXFileReference section */

/* Begin PBXFrameworksBuildPhase section */
		6AFEB5EF278BCC1B00D5971E /* Frameworks */ = {
			isa = PBXFrameworksBuildPhase;
			buildActionMask = 2147483647;
			files = (
			);
			runOnlyForDeploymentPostprocessing = 0;
		};
/* End PBXFrameworksBuildPhase section */

/* Begin PBXGroup section */
		6AFEB5E9278BCC1B00D5971E = {
			isa = PBXGroup;
			children = (
				6AFEB5F4278BCC1B00D5971E /* FC_Diary */,
				6AFEB5F3278BCC1B00D5971E /* Products */,
			);
			sourceTree = "<group>";
		};
		6AFEB5F3278BCC1B00D5971E /* Products */ = {
			isa = PBXGroup;
			children = (
				6AFEB5F2278BCC1B00D5971E /* FC_Diary.app */,
			);
			name = Products;
			sourceTree = "<group>";
		};
		6AFEB5F4278BCC1B00D5971E /* FC_Diary */ = {
			isa = PBXGroup;
			children = (
				6AFEB5F5278BCC1B00D5971E /* AppDelegate.swift */,
				6AFEB5F7278BCC1B00D5971E /* SceneDelegate.swift */,
				6AFEB609278BD11400D5971E /* MainTabBarViewController.swift */,
				6AFEB5F9278BCC1B00D5971E /* DiaryViewController.swift */,
				6AB07D31278E834200802B34 /* DiaryCollectionView.swift */,
				6AFEB60D278BDA4100D5971E /* DiaryCollectionViewCell.swift */,
				6A3E16FA27903D68000A786D /* Diary.swift */,
				6AEE6B9F278D1224001B7B9B /* DiaryCollectionViewFlowLayout.swift */,
				6AB07D33278E852300802B34 /* WriteDiaryViewController.swift */,
				6AB07D35278E8B0100802B34 /* ContentsTextView.swift */,
				6AFEB60B278BD7B200D5971E /* BookMarkViewController.swift */,
				6AB07D2F278E82AD00802B34 /* BookMarkCollectionView.swift */,
				6AB07D2B278E75E300802B34 /* BookMarkCollectionViewCell.swift */,
				6AB07D2D278E79C700802B34 /* BookMarkLabelStackView.swift */,
				6AB07D29278E75C200802B34 /* BookMarkCollectionViewFlowLayout.swift */,
				6A4F023E278EE8ED00783946 /* DiaryDetailViewController.swift */,
				6A4F0240278EE95600783946 /* DiaryDetailLabelStackView.swift */,
				6A0B21F3278FB8AB001AD5A9 /* ModifyAndDeleteButtonStackView.swift */,
				6AFEB5FE278BCC1C00D5971E /* Assets.xcassets */,
				6AFEB600278BCC1C00D5971E /* LaunchScreen.storyboard */,
				6AFEB603278BCC1C00D5971E /* Info.plist */,
			);
			path = FC_Diary;
			sourceTree = "<group>";
		};
/* End PBXGroup section */

/* Begin PBXNativeTarget section */
		6AFEB5F1278BCC1B00D5971E /* FC_Diary */ = {
			isa = PBXNativeTarget;
			buildConfigurationList = 6AFEB606278BCC1C00D5971E /* Build configuration list for PBXNativeTarget "FC_Diary" */;
			buildPhases = (
				6AFEB5EE278BCC1B00D5971E /* Sources */,
				6AFEB5EF278BCC1B00D5971E /* Frameworks */,
				6AFEB5F0278BCC1B00D5971E /* Resources */,
			);
			buildRules = (
			);
			dependencies = (
			);
			name = FC_Diary;
			productName = FC_Diary;
			productReference = 6AFEB5F2278BCC1B00D5971E /* FC_Diary.app */;
			productType = "com.apple.product-type.application";
		};
/* End PBXNativeTarget section */

/* Begin PBXProject section */
		6AFEB5EA278BCC1B00D5971E /* Project object */ = {
			isa = PBXProject;
			attributes = {
				BuildIndependentTargetsInParallel = 1;
				LastSwiftUpdateCheck = 1320;
				LastUpgradeCheck = 1320;
				TargetAttributes = {
					6AFEB5F1278BCC1B00D5971E = {
						CreatedOnToolsVersion = 13.2.1;
					};
				};
			};
			buildConfigurationList = 6AFEB5ED278BCC1B00D5971E /* Build configuration list for PBXProject "FC_Diary" */;
			compatibilityVersion = "Xcode 13.0";
			developmentRegion = en;
			hasScannedForEncodings = 0;
			knownRegions = (
				en,
				Base,
			);
			mainGroup = 6AFEB5E9278BCC1B00D5971E;
			productRefGroup = 6AFEB5F3278BCC1B00D5971E /* Products */;
			projectDirPath = "";
			projectRoot = "";
			targets = (
				6AFEB5F1278BCC1B00D5971E /* FC_Diary */,
			);
		};
/* End PBXProject section */

/* Begin PBXResourcesBuildPhase section */
		6AFEB5F0278BCC1B00D5971E /* Resources */ = {
			isa = PBXResourcesBuildPhase;
			buildActionMask = 2147483647;
			files = (
				6AFEB602278BCC1C00D5971E /* LaunchScreen.storyboard in Resources */,
				6AFEB5FF278BCC1C00D5971E /* Assets.xcassets in Resources */,
			);
			runOnlyForDeploymentPostprocessing = 0;
		};
/* End PBXResourcesBuildPhase section */

/* Begin PBXSourcesBuildPhase section */
		6AFEB5EE278BCC1B00D5971E /* Sources */ = {
			isa = PBXSourcesBuildPhase;
			buildActionMask = 2147483647;
			files = (
				6A0B21F4278FB8AB001AD5A9 /* ModifyAndDeleteButtonStackView.swift in Sources */,
				6AFEB5FA278BCC1B00D5971E /* DiaryViewController.swift in Sources */,
				6A4F023F278EE8ED00783946 /* DiaryDetailViewController.swift in Sources */,
				6AB07D30278E82AD00802B34 /* BookMarkCollectionView.swift in Sources */,
				6AB07D2C278E75E300802B34 /* BookMarkCollectionViewCell.swift in Sources */,
				6A3E16FB27903D68000A786D /* Diary.swift in Sources */,
				6AB07D36278E8B0100802B34 /* ContentsTextView.swift in Sources */,
				6AB07D2E278E79C700802B34 /* BookMarkLabelStackView.swift in Sources */,
				6AB07D34278E852300802B34 /* WriteDiaryViewController.swift in Sources */,
				6A4F0241278EE95600783946 /* DiaryDetailLabelStackView.swift in Sources */,
				6AB07D32278E834200802B34 /* DiaryCollectionView.swift in Sources */,
				6AFEB60A278BD11400D5971E /* MainTabBarViewController.swift in Sources */,
				6AFEB5F6278BCC1B00D5971E /* AppDelegate.swift in Sources */,
				6AEE6BA0278D1224001B7B9B /* DiaryCollectionViewFlowLayout.swift in Sources */,
				6AB07D2A278E75C200802B34 /* BookMarkCollectionViewFlowLayout.swift in Sources */,
				6AFEB60C278BD7B200D5971E /* BookMarkViewController.swift in Sources */,
				6AFEB60E278BDA4100D5971E /* DiaryCollectionViewCell.swift in Sources */,
				6AFEB5F8278BCC1B00D5971E /* SceneDelegate.swift in Sources */,
			);
			runOnlyForDeploymentPostprocessing = 0;
		};
/* End PBXSourcesBuildPhase section */

/* Begin PBXVariantGroup section */
		6AFEB600278BCC1C00D5971E /* LaunchScreen.storyboard */ = {
			isa = PBXVariantGroup;
			children = (
				6AFEB601278BCC1C00D5971E /* Base */,
			);
			name = LaunchScreen.storyboard;
			sourceTree = "<group>";
		};
/* End PBXVariantGroup section */

/* Begin XCBuildConfiguration section */
		6AFEB604278BCC1C00D5971E /* Debug */ = {
			isa = XCBuildConfiguration;
			buildSettings = {
				ALWAYS_SEARCH_USER_PATHS = NO;
				CLANG_ANALYZER_NONNULL = YES;
				CLANG_ANALYZER_NUMBER_OBJECT_CONVERSION = YES_AGGRESSIVE;
				CLANG_CXX_LANGUAGE_STANDARD = "gnu++17";
				CLANG_CXX_LIBRARY = "libc++";
				CLANG_ENABLE_MODULES = YES;
				CLANG_ENABLE_OBJC_ARC = YES;
				CLANG_ENABLE_OBJC_WEAK = YES;
				CLANG_WARN_BLOCK_CAPTURE_AUTORELEASING = YES;
				CLANG_WARN_BOOL_CONVERSION = YES;
				CLANG_WARN_COMMA = YES;
				CLANG_WARN_CONSTANT_CONVERSION = YES;
				CLANG_WARN_DEPRECATED_OBJC_IMPLEMENTATIONS = YES;
				CLANG_WARN_DIRECT_OBJC_ISA_USAGE = YES_ERROR;
				CLANG_WARN_DOCUMENTATION_COMMENTS = YES;
				CLANG_WARN_EMPTY_BODY = YES;
				CLANG_WARN_ENUM_CONVERSION = YES;
				CLANG_WARN_INFINITE_RECURSION = YES;
				CLANG_WARN_INT_CONVERSION = YES;
				CLANG_WARN_NON_LITERAL_NULL_CONVERSION = YES;
				CLANG_WARN_OBJC_IMPLICIT_RETAIN_SELF = YES;
				CLANG_WARN_OBJC_LITERAL_CONVERSION = YES;
				CLANG_WARN_OBJC_ROOT_CLASS = YES_ERROR;
				CLANG_WARN_QUOTED_INCLUDE_IN_FRAMEWORK_HEADER = YES;
				CLANG_WARN_RANGE_LOOP_ANALYSIS = YES;
				CLANG_WARN_STRICT_PROTOTYPES = YES;
				CLANG_WARN_SUSPICIOUS_MOVE = YES;
				CLANG_WARN_UNGUARDED_AVAILABILITY = YES_AGGRESSIVE;
				CLANG_WARN_UNREACHABLE_CODE = YES;
				CLANG_WARN__DUPLICATE_METHOD_MATCH = YES;
				COPY_PHASE_STRIP = NO;
				DEBUG_INFORMATION_FORMAT = dwarf;
				ENABLE_STRICT_OBJC_MSGSEND = YES;
				ENABLE_TESTABILITY = YES;
				GCC_C_LANGUAGE_STANDARD = gnu11;
				GCC_DYNAMIC_NO_PIC = NO;
				GCC_NO_COMMON_BLOCKS = YES;
				GCC_OPTIMIZATION_LEVEL = 0;
				GCC_PREPROCESSOR_DEFINITIONS = (
					"DEBUG=1",
					"$(inherited)",
				);
				GCC_WARN_64_TO_32_BIT_CONVERSION = YES;
				GCC_WARN_ABOUT_RETURN_TYPE = YES_ERROR;
				GCC_WARN_UNDECLARED_SELECTOR = YES;
				GCC_WARN_UNINITIALIZED_AUTOS = YES_AGGRESSIVE;
				GCC_WARN_UNUSED_FUNCTION = YES;
				GCC_WARN_UNUSED_VARIABLE = YES;
				IPHONEOS_DEPLOYMENT_TARGET = 14.5;
				MTL_ENABLE_DEBUG_INFO = INCLUDE_SOURCE;
				MTL_FAST_MATH = YES;
				ONLY_ACTIVE_ARCH = YES;
				SDKROOT = iphoneos;
				SWIFT_ACTIVE_COMPILATION_CONDITIONS = DEBUG;
				SWIFT_OPTIMIZATION_LEVEL = "-Onone";
			};
			name = Debug;
		};
		6AFEB605278BCC1C00D5971E /* Release */ = {
			isa = XCBuildConfiguration;
			buildSettings = {
				ALWAYS_SEARCH_USER_PATHS = NO;
				CLANG_ANALYZER_NONNULL = YES;
				CLANG_ANALYZER_NUMBER_OBJECT_CONVERSION = YES_AGGRESSIVE;
				CLANG_CXX_LANGUAGE_STANDARD = "gnu++17";
				CLANG_CXX_LIBRARY = "libc++";
				CLANG_ENABLE_MODULES = YES;
				CLANG_ENABLE_OBJC_ARC = YES;
				CLANG_ENABLE_OBJC_WEAK = YES;
				CLANG_WARN_BLOCK_CAPTURE_AUTORELEASING = YES;
				CLANG_WARN_BOOL_CONVERSION = YES;
				CLANG_WARN_COMMA = YES;
				CLANG_WARN_CONSTANT_CONVERSION = YES;
				CLANG_WARN_DEPRECATED_OBJC_IMPLEMENTATIONS = YES;
				CLANG_WARN_DIRECT_OBJC_ISA_USAGE = YES_ERROR;
				CLANG_WARN_DOCUMENTATION_COMMENTS = YES;
				CLANG_WARN_EMPTY_BODY = YES;
				CLANG_WARN_ENUM_CONVERSION = YES;
				CLANG_WARN_INFINITE_RECURSION = YES;
				CLANG_WARN_INT_CONVERSION = YES;
				CLANG_WARN_NON_LITERAL_NULL_CONVERSION = YES;
				CLANG_WARN_OBJC_IMPLICIT_RETAIN_SELF = YES;
				CLANG_WARN_OBJC_LITERAL_CONVERSION = YES;
				CLANG_WARN_OBJC_ROOT_CLASS = YES_ERROR;
				CLANG_WARN_QUOTED_INCLUDE_IN_FRAMEWORK_HEADER = YES;
				CLANG_WARN_RANGE_LOOP_ANALYSIS = YES;
				CLANG_WARN_STRICT_PROTOTYPES = YES;
				CLANG_WARN_SUSPICIOUS_MOVE = YES;
				CLANG_WARN_UNGUARDED_AVAILABILITY = YES_AGGRESSIVE;
				CLANG_WARN_UNREACHABLE_CODE = YES;
				CLANG_WARN__DUPLICATE_METHOD_MATCH = YES;
				COPY_PHASE_STRIP = NO;
				DEBUG_INFORMATION_FORMAT = "dwarf-with-dsym";
				ENABLE_NS_ASSERTIONS = NO;
				ENABLE_STRICT_OBJC_MSGSEND = YES;
				GCC_C_LANGUAGE_STANDARD = gnu11;
				GCC_NO_COMMON_BLOCKS = YES;
				GCC_WARN_64_TO_32_BIT_CONVERSION = YES;
				GCC_WARN_ABOUT_RETURN_TYPE = YES_ERROR;
				GCC_WARN_UNDECLARED_SELECTOR = YES;
				GCC_WARN_UNINITIALIZED_AUTOS = YES_AGGRESSIVE;
				GCC_WARN_UNUSED_FUNCTION = YES;
				GCC_WARN_UNUSED_VARIABLE = YES;
				IPHONEOS_DEPLOYMENT_TARGET = 14.5;
				MTL_ENABLE_DEBUG_INFO = NO;
				MTL_FAST_MATH = YES;
				SDKROOT = iphoneos;
				SWIFT_COMPILATION_MODE = wholemodule;
				SWIFT_OPTIMIZATION_LEVEL = "-O";
				VALIDATE_PRODUCT = YES;
			};
			name = Release;
		};
		6AFEB607278BCC1C00D5971E /* Debug */ = {
			isa = XCBuildConfiguration;
			buildSettings = {
				ASSETCATALOG_COMPILER_APPICON_NAME = AppIcon;
				ASSETCATALOG_COMPILER_GLOBAL_ACCENT_COLOR_NAME = AccentColor;
				CODE_SIGN_STYLE = Automatic;
				CURRENT_PROJECT_VERSION = 1;
				DEVELOPMENT_TEAM = 64WAG22Y2J;
				GENERATE_INFOPLIST_FILE = YES;
				INFOPLIST_FILE = FC_Diary/Info.plist;
				INFOPLIST_KEY_UIApplicationSupportsIndirectInputEvents = YES;
				INFOPLIST_KEY_UILaunchStoryboardName = LaunchScreen;
				INFOPLIST_KEY_UISupportedInterfaceOrientations_iPad = "UIInterfaceOrientationPortrait UIInterfaceOrientationPortraitUpsideDown UIInterfaceOrientationLandscapeLeft UIInterfaceOrientationLandscapeRight";
				INFOPLIST_KEY_UISupportedInterfaceOrientations_iPhone = "UIInterfaceOrientationPortrait UIInterfaceOrientationLandscapeLeft UIInterfaceOrientationLandscapeRight";
				IPHONEOS_DEPLOYMENT_TARGET = 14.5;
				LD_RUNPATH_SEARCH_PATHS = (
					"$(inherited)",
					"@executable_path/Frameworks",
				);
				MARKETING_VERSION = 1.0;
				PRODUCT_BUNDLE_IDENTIFIER = "morgan.co.kr.FC-Diary";
				PRODUCT_NAME = "$(TARGET_NAME)";
				SWIFT_EMIT_LOC_STRINGS = YES;
				SWIFT_VERSION = 5.0;
				TARGETED_DEVICE_FAMILY = "1,2";
			};
			name = Debug;
		};
		6AFEB608278BCC1C00D5971E /* Release */ = {
			isa = XCBuildConfiguration;
			buildSettings = {
				ASSETCATALOG_COMPILER_APPICON_NAME = AppIcon;
				ASSETCATALOG_COMPILER_GLOBAL_ACCENT_COLOR_NAME = AccentColor;
				CODE_SIGN_STYLE = Automatic;
				CURRENT_PROJECT_VERSION = 1;
				DEVELOPMENT_TEAM = 64WAG22Y2J;
				GENERATE_INFOPLIST_FILE = YES;
				INFOPLIST_FILE = FC_Diary/Info.plist;
				INFOPLIST_KEY_UIApplicationSupportsIndirectInputEvents = YES;
				INFOPLIST_KEY_UILaunchStoryboardName = LaunchScreen;
				INFOPLIST_KEY_UISupportedInterfaceOrientations_iPad = "UIInterfaceOrientationPortrait UIInterfaceOrientationPortraitUpsideDown UIInterfaceOrientationLandscapeLeft UIInterfaceOrientationLandscapeRight";
				INFOPLIST_KEY_UISupportedInterfaceOrientations_iPhone = "UIInterfaceOrientationPortrait UIInterfaceOrientationLandscapeLeft UIInterfaceOrientationLandscapeRight";
				IPHONEOS_DEPLOYMENT_TARGET = 14.5;
				LD_RUNPATH_SEARCH_PATHS = (
					"$(inherited)",
					"@executable_path/Frameworks",
				);
				MARKETING_VERSION = 1.0;
				PRODUCT_BUNDLE_IDENTIFIER = "morgan.co.kr.FC-Diary";
				PRODUCT_NAME = "$(TARGET_NAME)";
				SWIFT_EMIT_LOC_STRINGS = YES;
				SWIFT_VERSION = 5.0;
				TARGETED_DEVICE_FAMILY = "1,2";
			};
			name = Release;
		};
/* End XCBuildConfiguration section */

/* Begin XCConfigurationList section */
		6AFEB5ED278BCC1B00D5971E /* Build configuration list for PBXProject "FC_Diary" */ = {
			isa = XCConfigurationList;
			buildConfigurations = (
				6AFEB604278BCC1C00D5971E /* Debug */,
				6AFEB605278BCC1C00D5971E /* Release */,
			);
			defaultConfigurationIsVisible = 0;
			defaultConfigurationName = Release;
		};
		6AFEB606278BCC1C00D5971E /* Build configuration list for PBXNativeTarget "FC_Diary" */ = {
			isa = XCConfigurationList;
			buildConfigurations = (
				6AFEB607278BCC1C00D5971E /* Debug */,
				6AFEB608278BCC1C00D5971E /* Release */,
			);
			defaultConfigurationIsVisible = 0;
			defaultConfigurationName = Release;
		};
/* End XCConfigurationList section */
	};
	rootObject = 6AFEB5EA278BCC1B00D5971E /* Project object */;
}
