// !$*UTF8*$!
{
	archiveVersion = 1;
	classes = {
	};
	objectVersion = 55;
	objects = {

/* Begin PBXBuildFile section */
		4C32DA3463BC30E7B7E70E36 /* Pods_FC_COVID19.framework in Frameworks */ = {isa = PBXBuildFile; fileRef = 2544DE5EA99D646534F2BEB2 /* Pods_FC_COVID19.framework */; };
		6A22F23A27A25F9700618271 /* CovidDetailView.swift in Sources */ = {isa = PBXBuildFile; fileRef = 6A22F23927A25F9700618271 /* CovidDetailView.swift */; };
		6A42834027A0E9C8007219EB /* AppDelegate.swift in Sources */ = {isa = PBXBuildFile; fileRef = 6A42833F27A0E9C8007219EB /* AppDelegate.swift */; };
		6A42834227A0E9C8007219EB /* SceneDelegate.swift in Sources */ = {isa = PBXBuildFile; fileRef = 6A42834127A0E9C8007219EB /* SceneDelegate.swift */; };
		6A42834427A0E9C8007219EB /* ViewController.swift in Sources */ = {isa = PBXBuildFile; fileRef = 6A42834327A0E9C8007219EB /* ViewController.swift */; };
		6A42834927A0E9C9007219EB /* Assets.xcassets in Resources */ = {isa = PBXBuildFile; fileRef = 6A42834827A0E9C9007219EB /* Assets.xcassets */; };
		6A42834C27A0E9C9007219EB /* LaunchScreen.storyboard in Resources */ = {isa = PBXBuildFile; fileRef = 6A42834A27A0E9C9007219EB /* LaunchScreen.storyboard */; };
		6A7E4B5427A503CA000ED826 /* CovidDetailViewController.swift in Sources */ = {isa = PBXBuildFile; fileRef = 6A7E4B5327A503CA000ED826 /* CovidDetailViewController.swift */; };
		6AD3CAC727A0F50F00049164 /* RootViewController.swift in Sources */ = {isa = PBXBuildFile; fileRef = 6AD3CAC627A0F50F00049164 /* RootViewController.swift */; };
		6AD3CAC927A0F59C00049164 /* CovidLabelStackView.swift in Sources */ = {isa = PBXBuildFile; fileRef = 6AD3CAC827A0F59C00049164 /* CovidLabelStackView.swift */; };
		6AD3CACB27A0F71E00049164 /* ConfirmPatientInNationLabelStackView.swift in Sources */ = {isa = PBXBuildFile; fileRef = 6AD3CACA27A0F71E00049164 /* ConfirmPatientInNationLabelStackView.swift */; };
		6AD3CACD27A0F73F00049164 /* NewConfirmPatientInNationStackView.swift in Sources */ = {isa = PBXBuildFile; fileRef = 6AD3CACC27A0F73F00049164 /* NewConfirmPatientInNationStackView.swift */; };
		6AD3CACF27A0FB8A00049164 /* ChartView.swift in Sources */ = {isa = PBXBuildFile; fileRef = 6AD3CACE27A0FB8A00049164 /* ChartView.swift */; };
		6AD3CAD327A1025300049164 /* CovidDetailViewCell.swift in Sources */ = {isa = PBXBuildFile; fileRef = 6AD3CAD227A1025300049164 /* CovidDetailViewCell.swift */; };
		6AD3EF7527A12D43006A3BAA /* CityCovidOverview.swift in Sources */ = {isa = PBXBuildFile; fileRef = 6AD3EF7427A12D43006A3BAA /* CityCovidOverview.swift */; };
/* End PBXBuildFile section */

/* Begin PBXFileReference section */
		15CE108B8D84E4562FD3D965 /* Pods-FC_COVID19.debug.xcconfig */ = {isa = PBXFileReference; includeInIndex = 1; lastKnownFileType = text.xcconfig; name = "Pods-FC_COVID19.debug.xcconfig"; path = "Target Support Files/Pods-FC_COVID19/Pods-FC_COVID19.debug.xcconfig"; sourceTree = "<group>"; };
		2544DE5EA99D646534F2BEB2 /* Pods_FC_COVID19.framework */ = {isa = PBXFileReference; explicitFileType = wrapper.framework; includeInIndex = 0; path = Pods_FC_COVID19.framework; sourceTree = BUILT_PRODUCTS_DIR; };
		569CB5710E86259C1B45B1F9 /* Pods-FC_COVID19.release.xcconfig */ = {isa = PBXFileReference; includeInIndex = 1; lastKnownFileType = text.xcconfig; name = "Pods-FC_COVID19.release.xcconfig"; path = "Target Support Files/Pods-FC_COVID19/Pods-FC_COVID19.release.xcconfig"; sourceTree = "<group>"; };
		6A22F23927A25F9700618271 /* CovidDetailView.swift */ = {isa = PBXFileReference; lastKnownFileType = sourcecode.swift; path = CovidDetailView.swift; sourceTree = "<group>"; };
		6A42833C27A0E9C8007219EB /* FC_COVID19.app */ = {isa = PBXFileReference; explicitFileType = wrapper.application; includeInIndex = 0; path = FC_COVID19.app; sourceTree = BUILT_PRODUCTS_DIR; };
		6A42833F27A0E9C8007219EB /* AppDelegate.swift */ = {isa = PBXFileReference; lastKnownFileType = sourcecode.swift; path = AppDelegate.swift; sourceTree = "<group>"; };
		6A42834127A0E9C8007219EB /* SceneDelegate.swift */ = {isa = PBXFileReference; lastKnownFileType = sourcecode.swift; path = SceneDelegate.swift; sourceTree = "<group>"; };
		6A42834327A0E9C8007219EB /* ViewController.swift */ = {isa = PBXFileReference; lastKnownFileType = sourcecode.swift; path = ViewController.swift; sourceTree = "<group>"; };
		6A42834827A0E9C9007219EB /* Assets.xcassets */ = {isa = PBXFileReference; lastKnownFileType = folder.assetcatalog; path = Assets.xcassets; sourceTree = "<group>"; };
		6A42834B27A0E9C9007219EB /* Base */ = {isa = PBXFileReference; lastKnownFileType = file.storyboard; name = Base; path = Base.lproj/LaunchScreen.storyboard; sourceTree = "<group>"; };
		6A42834D27A0E9C9007219EB /* Info.plist */ = {isa = PBXFileReference; lastKnownFileType = text.plist.xml; path = Info.plist; sourceTree = "<group>"; };
		6A7E4B5327A503CA000ED826 /* CovidDetailViewController.swift */ = {isa = PBXFileReference; lastKnownFileType = sourcecode.swift; path = CovidDetailViewController.swift; sourceTree = "<group>"; };
		6AD3CAC627A0F50F00049164 /* RootViewController.swift */ = {isa = PBXFileReference; lastKnownFileType = sourcecode.swift; path = RootViewController.swift; sourceTree = "<group>"; };
		6AD3CAC827A0F59C00049164 /* CovidLabelStackView.swift */ = {isa = PBXFileReference; lastKnownFileType = sourcecode.swift; path = CovidLabelStackView.swift; sourceTree = "<group>"; };
		6AD3CACA27A0F71E00049164 /* ConfirmPatientInNationLabelStackView.swift */ = {isa = PBXFileReference; lastKnownFileType = sourcecode.swift; path = ConfirmPatientInNationLabelStackView.swift; sourceTree = "<group>"; };
		6AD3CACC27A0F73F00049164 /* NewConfirmPatientInNationStackView.swift */ = {isa = PBXFileReference; lastKnownFileType = sourcecode.swift; path = NewConfirmPatientInNationStackView.swift; sourceTree = "<group>"; };
		6AD3CACE27A0FB8A00049164 /* ChartView.swift */ = {isa = PBXFileReference; lastKnownFileType = sourcecode.swift; path = ChartView.swift; sourceTree = "<group>"; };
		6AD3CAD227A1025300049164 /* CovidDetailViewCell.swift */ = {isa = PBXFileReference; lastKnownFileType = sourcecode.swift; path = CovidDetailViewCell.swift; sourceTree = "<group>"; };
		6AD3EF7427A12D43006A3BAA /* CityCovidOverview.swift */ = {isa = PBXFileReference; lastKnownFileType = sourcecode.swift; path = CityCovidOverview.swift; sourceTree = "<group>"; };
/* End PBXFileReference section */

/* Begin PBXFrameworksBuildPhase section */
		6A42833927A0E9C8007219EB /* Frameworks */ = {
			isa = PBXFrameworksBuildPhase;
			buildActionMask = 2147483647;
			files = (
				4C32DA3463BC30E7B7E70E36 /* Pods_FC_COVID19.framework in Frameworks */,
			);
			runOnlyForDeploymentPostprocessing = 0;
		};
/* End PBXFrameworksBuildPhase section */

/* Begin PBXGroup section */
		569477F152838C0FEE8E0071 /* Pods */ = {
			isa = PBXGroup;
			children = (
				15CE108B8D84E4562FD3D965 /* Pods-FC_COVID19.debug.xcconfig */,
				569CB5710E86259C1B45B1F9 /* Pods-FC_COVID19.release.xcconfig */,
			);
			path = Pods;
			sourceTree = "<group>";
		};
		6A42833327A0E9C8007219EB = {
			isa = PBXGroup;
			children = (
				6A42833E27A0E9C8007219EB /* FC_COVID19 */,
				6A42833D27A0E9C8007219EB /* Products */,
				569477F152838C0FEE8E0071 /* Pods */,
				F6AB7D4E890D7439AE956A27 /* Frameworks */,
			);
			sourceTree = "<group>";
		};
		6A42833D27A0E9C8007219EB /* Products */ = {
			isa = PBXGroup;
			children = (
				6A42833C27A0E9C8007219EB /* FC_COVID19.app */,
			);
			name = Products;
			sourceTree = "<group>";
		};
		6A42833E27A0E9C8007219EB /* FC_COVID19 */ = {
			isa = PBXGroup;
			children = (
				6A42833F27A0E9C8007219EB /* AppDelegate.swift */,
				6A42834127A0E9C8007219EB /* SceneDelegate.swift */,
				6AD3CAC627A0F50F00049164 /* RootViewController.swift */,
				6A42834327A0E9C8007219EB /* ViewController.swift */,
				6A7E4B5327A503CA000ED826 /* CovidDetailViewController.swift */,
				6A22F23927A25F9700618271 /* CovidDetailView.swift */,
				6AD3CAD227A1025300049164 /* CovidDetailViewCell.swift */,
				6AD3CACE27A0FB8A00049164 /* ChartView.swift */,
				6AD3CAC827A0F59C00049164 /* CovidLabelStackView.swift */,
				6AD3CACA27A0F71E00049164 /* ConfirmPatientInNationLabelStackView.swift */,
				6AD3CACC27A0F73F00049164 /* NewConfirmPatientInNationStackView.swift */,
				6AD3EF7427A12D43006A3BAA /* CityCovidOverview.swift */,
				6A42834827A0E9C9007219EB /* Assets.xcassets */,
				6A42834A27A0E9C9007219EB /* LaunchScreen.storyboard */,
				6A42834D27A0E9C9007219EB /* Info.plist */,
			);
			path = FC_COVID19;
			sourceTree = "<group>";
		};
		F6AB7D4E890D7439AE956A27 /* Frameworks */ = {
			isa = PBXGroup;
			children = (
				2544DE5EA99D646534F2BEB2 /* Pods_FC_COVID19.framework */,
			);
			name = Frameworks;
			sourceTree = "<group>";
		};
/* End PBXGroup section */

/* Begin PBXNativeTarget section */
		6A42833B27A0E9C8007219EB /* FC_COVID19 */ = {
			isa = PBXNativeTarget;
			buildConfigurationList = 6A42835027A0E9C9007219EB /* Build configuration list for PBXNativeTarget "FC_COVID19" */;
			buildPhases = (
				2259E69CE69DDCD596C29CD2 /* [CP] Check Pods Manifest.lock */,
				6A42833827A0E9C8007219EB /* Sources */,
				6A42833927A0E9C8007219EB /* Frameworks */,
				6A42833A27A0E9C8007219EB /* Resources */,
				91EF1469D2DD40586C3D1B75 /* [CP] Embed Pods Frameworks */,
			);
			buildRules = (
			);
			dependencies = (
			);
			name = FC_COVID19;
			productName = FC_COVID19;
			productReference = 6A42833C27A0E9C8007219EB /* FC_COVID19.app */;
			productType = "com.apple.product-type.application";
		};
/* End PBXNativeTarget section */

/* Begin PBXProject section */
		6A42833427A0E9C8007219EB /* Project object */ = {
			isa = PBXProject;
			attributes = {
				BuildIndependentTargetsInParallel = 1;
				LastSwiftUpdateCheck = 1320;
				LastUpgradeCheck = 1320;
				TargetAttributes = {
					6A42833B27A0E9C8007219EB = {
						CreatedOnToolsVersion = 13.2.1;
					};
				};
			};
			buildConfigurationList = 6A42833727A0E9C8007219EB /* Build configuration list for PBXProject "FC_COVID19" */;
			compatibilityVersion = "Xcode 13.0";
			developmentRegion = en;
			hasScannedForEncodings = 0;
			knownRegions = (
				en,
				Base,
			);
			mainGroup = 6A42833327A0E9C8007219EB;
			productRefGroup = 6A42833D27A0E9C8007219EB /* Products */;
			projectDirPath = "";
			projectRoot = "";
			targets = (
				6A42833B27A0E9C8007219EB /* FC_COVID19 */,
			);
		};
/* End PBXProject section */

/* Begin PBXResourcesBuildPhase section */
		6A42833A27A0E9C8007219EB /* Resources */ = {
			isa = PBXResourcesBuildPhase;
			buildActionMask = 2147483647;
			files = (
				6A42834C27A0E9C9007219EB /* LaunchScreen.storyboard in Resources */,
				6A42834927A0E9C9007219EB /* Assets.xcassets in Resources */,
			);
			runOnlyForDeploymentPostprocessing = 0;
		};
/* End PBXResourcesBuildPhase section */

/* Begin PBXShellScriptBuildPhase section */
		2259E69CE69DDCD596C29CD2 /* [CP] Check Pods Manifest.lock */ = {
			isa = PBXShellScriptBuildPhase;
			buildActionMask = 2147483647;
			files = (
			);
			inputFileListPaths = (
			);
			inputPaths = (
				"${PODS_PODFILE_DIR_PATH}/Podfile.lock",
				"${PODS_ROOT}/Manifest.lock",
			);
			name = "[CP] Check Pods Manifest.lock";
			outputFileListPaths = (
			);
			outputPaths = (
				"$(DERIVED_FILE_DIR)/Pods-FC_COVID19-checkManifestLockResult.txt",
			);
			runOnlyForDeploymentPostprocessing = 0;
			shellPath = /bin/sh;
			shellScript = "diff \"${PODS_PODFILE_DIR_PATH}/Podfile.lock\" \"${PODS_ROOT}/Manifest.lock\" > /dev/null\nif [ $? != 0 ] ; then\n    # print error to STDERR\n    echo \"error: The sandbox is not in sync with the Podfile.lock. Run 'pod install' or update your CocoaPods installation.\" >&2\n    exit 1\nfi\n# This output is used by Xcode 'outputs' to avoid re-running this script phase.\necho \"SUCCESS\" > \"${SCRIPT_OUTPUT_FILE_0}\"\n";
			showEnvVarsInLog = 0;
		};
		91EF1469D2DD40586C3D1B75 /* [CP] Embed Pods Frameworks */ = {
			isa = PBXShellScriptBuildPhase;
			buildActionMask = 2147483647;
			files = (
			);
			inputFileListPaths = (
				"${PODS_ROOT}/Target Support Files/Pods-FC_COVID19/Pods-FC_COVID19-frameworks-${CONFIGURATION}-input-files.xcfilelist",
			);
			name = "[CP] Embed Pods Frameworks";
			outputFileListPaths = (
				"${PODS_ROOT}/Target Support Files/Pods-FC_COVID19/Pods-FC_COVID19-frameworks-${CONFIGURATION}-output-files.xcfilelist",
			);
			runOnlyForDeploymentPostprocessing = 0;
			shellPath = /bin/sh;
			shellScript = "\"${PODS_ROOT}/Target Support Files/Pods-FC_COVID19/Pods-FC_COVID19-frameworks.sh\"\n";
			showEnvVarsInLog = 0;
		};
/* End PBXShellScriptBuildPhase section */

/* Begin PBXSourcesBuildPhase section */
		6A42833827A0E9C8007219EB /* Sources */ = {
			isa = PBXSourcesBuildPhase;
			buildActionMask = 2147483647;
			files = (
				6AD3CACF27A0FB8A00049164 /* ChartView.swift in Sources */,
				6AD3EF7527A12D43006A3BAA /* CityCovidOverview.swift in Sources */,
				6AD3CACD27A0F73F00049164 /* NewConfirmPatientInNationStackView.swift in Sources */,
				6A22F23A27A25F9700618271 /* CovidDetailView.swift in Sources */,
				6A42834427A0E9C8007219EB /* ViewController.swift in Sources */,
				6A7E4B5427A503CA000ED826 /* CovidDetailViewController.swift in Sources */,
				6A42834027A0E9C8007219EB /* AppDelegate.swift in Sources */,
				6AD3CAC927A0F59C00049164 /* CovidLabelStackView.swift in Sources */,
				6AD3CAD327A1025300049164 /* CovidDetailViewCell.swift in Sources */,
				6AD3CACB27A0F71E00049164 /* ConfirmPatientInNationLabelStackView.swift in Sources */,
				6AD3CAC727A0F50F00049164 /* RootViewController.swift in Sources */,
				6A42834227A0E9C8007219EB /* SceneDelegate.swift in Sources */,
			);
			runOnlyForDeploymentPostprocessing = 0;
		};
/* End PBXSourcesBuildPhase section */

/* Begin PBXVariantGroup section */
		6A42834A27A0E9C9007219EB /* LaunchScreen.storyboard */ = {
			isa = PBXVariantGroup;
			children = (
				6A42834B27A0E9C9007219EB /* Base */,
			);
			name = LaunchScreen.storyboard;
			sourceTree = "<group>";
		};
/* End PBXVariantGroup section */

/* Begin XCBuildConfiguration section */
		6A42834E27A0E9C9007219EB /* Debug */ = {
			isa = XCBuildConfiguration;
			buildSettings = {
				ALWAYS_SEARCH_USER_PATHS = NO;
				CLANG_ANALYZER_NONNULL = YES;
				CLANG_ANALYZER_NUMBER_OBJECT_CONVERSION = YES_AGGRESSIVE;
				CLANG_CXX_LANGUAGE_STANDARD = "gnu++17";
				CLANG_CXX_LIBRARY = "libc++";
				CLANG_ENABLE_MODULES = YES;
				CLANG_ENABLE_OBJC_ARC = YES;
				CLANG_ENABLE_OBJC_WEAK = YES;
				CLANG_WARN_BLOCK_CAPTURE_AUTORELEASING = YES;
				CLANG_WARN_BOOL_CONVERSION = YES;
				CLANG_WARN_COMMA = YES;
				CLANG_WARN_CONSTANT_CONVERSION = YES;
				CLANG_WARN_DEPRECATED_OBJC_IMPLEMENTATIONS = YES;
				CLANG_WARN_DIRECT_OBJC_ISA_USAGE = YES_ERROR;
				CLANG_WARN_DOCUMENTATION_COMMENTS = YES;
				CLANG_WARN_EMPTY_BODY = YES;
				CLANG_WARN_ENUM_CONVERSION = YES;
				CLANG_WARN_INFINITE_RECURSION = YES;
				CLANG_WARN_INT_CONVERSION = YES;
				CLANG_WARN_NON_LITERAL_NULL_CONVERSION = YES;
				CLANG_WARN_OBJC_IMPLICIT_RETAIN_SELF = YES;
				CLANG_WARN_OBJC_LITERAL_CONVERSION = YES;
				CLANG_WARN_OBJC_ROOT_CLASS = YES_ERROR;
				CLANG_WARN_QUOTED_INCLUDE_IN_FRAMEWORK_HEADER = YES;
				CLANG_WARN_RANGE_LOOP_ANALYSIS = YES;
				CLANG_WARN_STRICT_PROTOTYPES = YES;
				CLANG_WARN_SUSPICIOUS_MOVE = YES;
				CLANG_WARN_UNGUARDED_AVAILABILITY = YES_AGGRESSIVE;
				CLANG_WARN_UNREACHABLE_CODE = YES;
				CLANG_WARN__DUPLICATE_METHOD_MATCH = YES;
				COPY_PHASE_STRIP = NO;
				DEBUG_INFORMATION_FORMAT = dwarf;
				ENABLE_STRICT_OBJC_MSGSEND = YES;
				ENABLE_TESTABILITY = YES;
				GCC_C_LANGUAGE_STANDARD = gnu11;
				GCC_DYNAMIC_NO_PIC = NO;
				GCC_NO_COMMON_BLOCKS = YES;
				GCC_OPTIMIZATION_LEVEL = 0;
				GCC_PREPROCESSOR_DEFINITIONS = (
					"DEBUG=1",
					"$(inherited)",
				);
				GCC_WARN_64_TO_32_BIT_CONVERSION = YES;
				GCC_WARN_ABOUT_RETURN_TYPE = YES_ERROR;
				GCC_WARN_UNDECLARED_SELECTOR = YES;
				GCC_WARN_UNINITIALIZED_AUTOS = YES_AGGRESSIVE;
				GCC_WARN_UNUSED_FUNCTION = YES;
				GCC_WARN_UNUSED_VARIABLE = YES;
				IPHONEOS_DEPLOYMENT_TARGET = 14.5;
				MTL_ENABLE_DEBUG_INFO = INCLUDE_SOURCE;
				MTL_FAST_MATH = YES;
				ONLY_ACTIVE_ARCH = YES;
				SDKROOT = iphoneos;
				SWIFT_ACTIVE_COMPILATION_CONDITIONS = DEBUG;
				SWIFT_OPTIMIZATION_LEVEL = "-Onone";
			};
			name = Debug;
		};
		6A42834F27A0E9C9007219EB /* Release */ = {
			isa = XCBuildConfiguration;
			buildSettings = {
				ALWAYS_SEARCH_USER_PATHS = NO;
				CLANG_ANALYZER_NONNULL = YES;
				CLANG_ANALYZER_NUMBER_OBJECT_CONVERSION = YES_AGGRESSIVE;
				CLANG_CXX_LANGUAGE_STANDARD = "gnu++17";
				CLANG_CXX_LIBRARY = "libc++";
				CLANG_ENABLE_MODULES = YES;
				CLANG_ENABLE_OBJC_ARC = YES;
				CLANG_ENABLE_OBJC_WEAK = YES;
				CLANG_WARN_BLOCK_CAPTURE_AUTORELEASING = YES;
				CLANG_WARN_BOOL_CONVERSION = YES;
				CLANG_WARN_COMMA = YES;
				CLANG_WARN_CONSTANT_CONVERSION = YES;
				CLANG_WARN_DEPRECATED_OBJC_IMPLEMENTATIONS = YES;
				CLANG_WARN_DIRECT_OBJC_ISA_USAGE = YES_ERROR;
				CLANG_WARN_DOCUMENTATION_COMMENTS = YES;
				CLANG_WARN_EMPTY_BODY = YES;
				CLANG_WARN_ENUM_CONVERSION = YES;
				CLANG_WARN_INFINITE_RECURSION = YES;
				CLANG_WARN_INT_CONVERSION = YES;
				CLANG_WARN_NON_LITERAL_NULL_CONVERSION = YES;
				CLANG_WARN_OBJC_IMPLICIT_RETAIN_SELF = YES;
				CLANG_WARN_OBJC_LITERAL_CONVERSION = YES;
				CLANG_WARN_OBJC_ROOT_CLASS = YES_ERROR;
				CLANG_WARN_QUOTED_INCLUDE_IN_FRAMEWORK_HEADER = YES;
				CLANG_WARN_RANGE_LOOP_ANALYSIS = YES;
				CLANG_WARN_STRICT_PROTOTYPES = YES;
				CLANG_WARN_SUSPICIOUS_MOVE = YES;
				CLANG_WARN_UNGUARDED_AVAILABILITY = YES_AGGRESSIVE;
				CLANG_WARN_UNREACHABLE_CODE = YES;
				CLANG_WARN__DUPLICATE_METHOD_MATCH = YES;
				COPY_PHASE_STRIP = NO;
				DEBUG_INFORMATION_FORMAT = "dwarf-with-dsym";
				ENABLE_NS_ASSERTIONS = NO;
				ENABLE_STRICT_OBJC_MSGSEND = YES;
				GCC_C_LANGUAGE_STANDARD = gnu11;
				GCC_NO_COMMON_BLOCKS = YES;
				GCC_WARN_64_TO_32_BIT_CONVERSION = YES;
				GCC_WARN_ABOUT_RETURN_TYPE = YES_ERROR;
				GCC_WARN_UNDECLARED_SELECTOR = YES;
				GCC_WARN_UNINITIALIZED_AUTOS = YES_AGGRESSIVE;
				GCC_WARN_UNUSED_FUNCTION = YES;
				GCC_WARN_UNUSED_VARIABLE = YES;
				IPHONEOS_DEPLOYMENT_TARGET = 14.5;
				MTL_ENABLE_DEBUG_INFO = NO;
				MTL_FAST_MATH = YES;
				SDKROOT = iphoneos;
				SWIFT_COMPILATION_MODE = wholemodule;
				SWIFT_OPTIMIZATION_LEVEL = "-O";
				VALIDATE_PRODUCT = YES;
			};
			name = Release;
		};
		6A42835127A0E9C9007219EB /* Debug */ = {
			isa = XCBuildConfiguration;
			baseConfigurationReference = 15CE108B8D84E4562FD3D965 /* Pods-FC_COVID19.debug.xcconfig */;
			buildSettings = {
				ASSETCATALOG_COMPILER_APPICON_NAME = AppIcon;
				ASSETCATALOG_COMPILER_GLOBAL_ACCENT_COLOR_NAME = AccentColor;
				CODE_SIGN_STYLE = Automatic;
				CURRENT_PROJECT_VERSION = 1;
				DEVELOPMENT_TEAM = 64WAG22Y2J;
				GENERATE_INFOPLIST_FILE = YES;
				INFOPLIST_FILE = FC_COVID19/Info.plist;
				INFOPLIST_KEY_UIApplicationSupportsIndirectInputEvents = YES;
				INFOPLIST_KEY_UILaunchStoryboardName = LaunchScreen;
				INFOPLIST_KEY_UISupportedInterfaceOrientations_iPad = "UIInterfaceOrientationPortrait UIInterfaceOrientationPortraitUpsideDown UIInterfaceOrientationLandscapeLeft UIInterfaceOrientationLandscapeRight";
				INFOPLIST_KEY_UISupportedInterfaceOrientations_iPhone = "UIInterfaceOrientationPortrait UIInterfaceOrientationLandscapeLeft UIInterfaceOrientationLandscapeRight";
				IPHONEOS_DEPLOYMENT_TARGET = 14.5;
				LD_RUNPATH_SEARCH_PATHS = (
					"$(inherited)",
					"@executable_path/Frameworks",
				);
				MARKETING_VERSION = 1.0;
				PRODUCT_BUNDLE_IDENTIFIER = "morgan.co.kr.FC-COVID19";
				PRODUCT_NAME = "$(TARGET_NAME)";
				SWIFT_EMIT_LOC_STRINGS = YES;
				SWIFT_VERSION = 5.0;
				TARGETED_DEVICE_FAMILY = "1,2";
			};
			name = Debug;
		};
		6A42835227A0E9C9007219EB /* Release */ = {
			isa = XCBuildConfiguration;
			baseConfigurationReference = 569CB5710E86259C1B45B1F9 /* Pods-FC_COVID19.release.xcconfig */;
			buildSettings = {
				ASSETCATALOG_COMPILER_APPICON_NAME = AppIcon;
				ASSETCATALOG_COMPILER_GLOBAL_ACCENT_COLOR_NAME = AccentColor;
				CODE_SIGN_STYLE = Automatic;
				CURRENT_PROJECT_VERSION = 1;
				DEVELOPMENT_TEAM = 64WAG22Y2J;
				GENERATE_INFOPLIST_FILE = YES;
				INFOPLIST_FILE = FC_COVID19/Info.plist;
				INFOPLIST_KEY_UIApplicationSupportsIndirectInputEvents = YES;
				INFOPLIST_KEY_UILaunchStoryboardName = LaunchScreen;
				INFOPLIST_KEY_UISupportedInterfaceOrientations_iPad = "UIInterfaceOrientationPortrait UIInterfaceOrientationPortraitUpsideDown UIInterfaceOrientationLandscapeLeft UIInterfaceOrientationLandscapeRight";
				INFOPLIST_KEY_UISupportedInterfaceOrientations_iPhone = "UIInterfaceOrientationPortrait UIInterfaceOrientationLandscapeLeft UIInterfaceOrientationLandscapeRight";
				IPHONEOS_DEPLOYMENT_TARGET = 14.5;
				LD_RUNPATH_SEARCH_PATHS = (
					"$(inherited)",
					"@executable_path/Frameworks",
				);
				MARKETING_VERSION = 1.0;
				PRODUCT_BUNDLE_IDENTIFIER = "morgan.co.kr.FC-COVID19";
				PRODUCT_NAME = "$(TARGET_NAME)";
				SWIFT_EMIT_LOC_STRINGS = YES;
				SWIFT_VERSION = 5.0;
				TARGETED_DEVICE_FAMILY = "1,2";
			};
			name = Release;
		};
/* End XCBuildConfiguration section */

/* Begin XCConfigurationList section */
		6A42833727A0E9C8007219EB /* Build configuration list for PBXProject "FC_COVID19" */ = {
			isa = XCConfigurationList;
			buildConfigurations = (
				6A42834E27A0E9C9007219EB /* Debug */,
				6A42834F27A0E9C9007219EB /* Release */,
			);
			defaultConfigurationIsVisible = 0;
			defaultConfigurationName = Release;
		};
		6A42835027A0E9C9007219EB /* Build configuration list for PBXNativeTarget "FC_COVID19" */ = {
			isa = XCConfigurationList;
			buildConfigurations = (
				6A42835127A0E9C9007219EB /* Debug */,
				6A42835227A0E9C9007219EB /* Release */,
			);
			defaultConfigurationIsVisible = 0;
			defaultConfigurationName = Release;
		};
/* End XCConfigurationList section */
	};
	rootObject = 6A42833427A0E9C8007219EB /* Project object */;
}
