// !$*UTF8*$!
{
	archiveVersion = 1;
	classes = {
	};
	objectVersion = 55;
	objects = {

/* Begin PBXBuildFile section */
		04BE8F152547A0A9681A4FFB /* Pods_instagramClone.framework in Frameworks */ = {isa = PBXBuildFile; fileRef = 25863DA6B9CCAFED774FCEA3 /* Pods_instagramClone.framework */; };
		BFFE339927FD21DC007AA884 /* AppDelegate.swift in Sources */ = {isa = PBXBuildFile; fileRef = BFFE339827FD21DC007AA884 /* AppDelegate.swift */; };
		BFFE339B27FD21DC007AA884 /* SceneDelegate.swift in Sources */ = {isa = PBXBuildFile; fileRef = BFFE339A27FD21DC007AA884 /* SceneDelegate.swift */; };
		BFFE339D27FD21DC007AA884 /* ViewController.swift in Sources */ = {isa = PBXBuildFile; fileRef = BFFE339C27FD21DC007AA884 /* ViewController.swift */; };
		BFFE33A027FD21DC007AA884 /* Main.storyboard in Resources */ = {isa = PBXBuildFile; fileRef = BFFE339E27FD21DC007AA884 /* Main.storyboard */; };
		BFFE33A227FD21DF007AA884 /* Assets.xcassets in Resources */ = {isa = PBXBuildFile; fileRef = BFFE33A127FD21DF007AA884 /* Assets.xcassets */; };
		BFFE33A527FD21DF007AA884 /* LaunchScreen.storyboard in Resources */ = {isa = PBXBuildFile; fileRef = BFFE33A327FD21DF007AA884 /* LaunchScreen.storyboard */; };
/* End PBXBuildFile section */

/* Begin PBXFileReference section */
		0F375062B04B2D6CF1267B80 /* Pods-instagramClone.debug.xcconfig */ = {isa = PBXFileReference; includeInIndex = 1; lastKnownFileType = text.xcconfig; name = "Pods-instagramClone.debug.xcconfig"; path = "Target Support Files/Pods-instagramClone/Pods-instagramClone.debug.xcconfig"; sourceTree = "<group>"; };
		25863DA6B9CCAFED774FCEA3 /* Pods_instagramClone.framework */ = {isa = PBXFileReference; explicitFileType = wrapper.framework; includeInIndex = 0; path = Pods_instagramClone.framework; sourceTree = BUILT_PRODUCTS_DIR; };
		81E1F6D3FFE1DC1AF3625BB0 /* Pods-instagramClone.release.xcconfig */ = {isa = PBXFileReference; includeInIndex = 1; lastKnownFileType = text.xcconfig; name = "Pods-instagramClone.release.xcconfig"; path = "Target Support Files/Pods-instagramClone/Pods-instagramClone.release.xcconfig"; sourceTree = "<group>"; };
		BFFE339527FD21DC007AA884 /* instagramClone.app */ = {isa = PBXFileReference; explicitFileType = wrapper.application; includeInIndex = 0; path = instagramClone.app; sourceTree = BUILT_PRODUCTS_DIR; };
		BFFE339827FD21DC007AA884 /* AppDelegate.swift */ = {isa = PBXFileReference; lastKnownFileType = sourcecode.swift; path = AppDelegate.swift; sourceTree = "<group>"; };
		BFFE339A27FD21DC007AA884 /* SceneDelegate.swift */ = {isa = PBXFileReference; lastKnownFileType = sourcecode.swift; path = SceneDelegate.swift; sourceTree = "<group>"; };
		BFFE339C27FD21DC007AA884 /* ViewController.swift */ = {isa = PBXFileReference; lastKnownFileType = sourcecode.swift; path = ViewController.swift; sourceTree = "<group>"; };
		BFFE339F27FD21DC007AA884 /* Base */ = {isa = PBXFileReference; lastKnownFileType = file.storyboard; name = Base; path = Base.lproj/Main.storyboard; sourceTree = "<group>"; };
		BFFE33A127FD21DF007AA884 /* Assets.xcassets */ = {isa = PBXFileReference; lastKnownFileType = folder.assetcatalog; path = Assets.xcassets; sourceTree = "<group>"; };
		BFFE33A427FD21DF007AA884 /* Base */ = {isa = PBXFileReference; lastKnownFileType = file.storyboard; name = Base; path = Base.lproj/LaunchScreen.storyboard; sourceTree = "<group>"; };
		BFFE33A627FD21DF007AA884 /* Info.plist */ = {isa = PBXFileReference; lastKnownFileType = text.plist.xml; path = Info.plist; sourceTree = "<group>"; };
/* End PBXFileReference section */

/* Begin PBXFrameworksBuildPhase section */
		BFFE339227FD21DC007AA884 /* Frameworks */ = {
			isa = PBXFrameworksBuildPhase;
			buildActionMask = 2147483647;
			files = (
				04BE8F152547A0A9681A4FFB /* Pods_instagramClone.framework in Frameworks */,
			);
			runOnlyForDeploymentPostprocessing = 0;
		};
/* End PBXFrameworksBuildPhase section */

/* Begin PBXGroup section */
		41B6E06D34BC9FE0B41F3DC2 /* Pods */ = {
			isa = PBXGroup;
			children = (
				0F375062B04B2D6CF1267B80 /* Pods-instagramClone.debug.xcconfig */,
				81E1F6D3FFE1DC1AF3625BB0 /* Pods-instagramClone.release.xcconfig */,
			);
			name = Pods;
			path = Pods;
			sourceTree = "<group>";
		};
		BF0CBAB0AF7151F4C5D22DA8 /* Frameworks */ = {
			isa = PBXGroup;
			children = (
				25863DA6B9CCAFED774FCEA3 /* Pods_instagramClone.framework */,
			);
			name = Frameworks;
			sourceTree = "<group>";
		};
		BFFE338C27FD21DC007AA884 = {
			isa = PBXGroup;
			children = (
				BFFE339727FD21DC007AA884 /* instagramClone */,
				BFFE339627FD21DC007AA884 /* Products */,
				41B6E06D34BC9FE0B41F3DC2 /* Pods */,
				BF0CBAB0AF7151F4C5D22DA8 /* Frameworks */,
			);
			sourceTree = "<group>";
		};
		BFFE339627FD21DC007AA884 /* Products */ = {
			isa = PBXGroup;
			children = (
				BFFE339527FD21DC007AA884 /* instagramClone.app */,
			);
			name = Products;
			sourceTree = "<group>";
		};
		BFFE339727FD21DC007AA884 /* instagramClone */ = {
			isa = PBXGroup;
			children = (
				BFFE339827FD21DC007AA884 /* AppDelegate.swift */,
				BFFE339A27FD21DC007AA884 /* SceneDelegate.swift */,
				BFFE339C27FD21DC007AA884 /* ViewController.swift */,
				BFFE339E27FD21DC007AA884 /* Main.storyboard */,
				BFFE33A127FD21DF007AA884 /* Assets.xcassets */,
				BFFE33A327FD21DF007AA884 /* LaunchScreen.storyboard */,
				BFFE33A627FD21DF007AA884 /* Info.plist */,
			);
			path = instagramClone;
			sourceTree = "<group>";
		};
/* End PBXGroup section */

/* Begin PBXNativeTarget section */
		BFFE339427FD21DC007AA884 /* instagramClone */ = {
			isa = PBXNativeTarget;
			buildConfigurationList = BFFE33A927FD21DF007AA884 /* Build configuration list for PBXNativeTarget "instagramClone" */;
			buildPhases = (
				D17DE714E4CC457118F91440 /* [CP] Check Pods Manifest.lock */,
				BFFE339127FD21DC007AA884 /* Sources */,
				BFFE339227FD21DC007AA884 /* Frameworks */,
				BFFE339327FD21DC007AA884 /* Resources */,
				469875BA2F0179BC79647BE9 /* [CP] Embed Pods Frameworks */,
			);
			buildRules = (
			);
			dependencies = (
			);
			name = instagramClone;
			productName = instagramClone;
			productReference = BFFE339527FD21DC007AA884 /* instagramClone.app */;
			productType = "com.apple.product-type.application";
		};
/* End PBXNativeTarget section */

/* Begin PBXProject section */
		BFFE338D27FD21DC007AA884 /* Project object */ = {
			isa = PBXProject;
			attributes = {
				BuildIndependentTargetsInParallel = 1;
				LastSwiftUpdateCheck = 1330;
				LastUpgradeCheck = 1330;
				TargetAttributes = {
					BFFE339427FD21DC007AA884 = {
						CreatedOnToolsVersion = 13.3;
					};
				};
			};
			buildConfigurationList = BFFE339027FD21DC007AA884 /* Build configuration list for PBXProject "instagramClone" */;
			compatibilityVersion = "Xcode 13.0";
			developmentRegion = en;
			hasScannedForEncodings = 0;
			knownRegions = (
				en,
				Base,
			);
			mainGroup = BFFE338C27FD21DC007AA884;
			productRefGroup = BFFE339627FD21DC007AA884 /* Products */;
			projectDirPath = "";
			projectRoot = "";
			targets = (
				BFFE339427FD21DC007AA884 /* instagramClone */,
			);
		};
/* End PBXProject section */

/* Begin PBXResourcesBuildPhase section */
		BFFE339327FD21DC007AA884 /* Resources */ = {
			isa = PBXResourcesBuildPhase;
			buildActionMask = 2147483647;
			files = (
				BFFE33A527FD21DF007AA884 /* LaunchScreen.storyboard in Resources */,
				BFFE33A227FD21DF007AA884 /* Assets.xcassets in Resources */,
				BFFE33A027FD21DC007AA884 /* Main.storyboard in Resources */,
			);
			runOnlyForDeploymentPostprocessing = 0;
		};
/* End PBXResourcesBuildPhase section */

/* Begin PBXShellScriptBuildPhase section */
		469875BA2F0179BC79647BE9 /* [CP] Embed Pods Frameworks */ = {
			isa = PBXShellScriptBuildPhase;
			buildActionMask = 2147483647;
			files = (
			);
			inputFileListPaths = (
				"${PODS_ROOT}/Target Support Files/Pods-instagramClone/Pods-instagramClone-frameworks-${CONFIGURATION}-input-files.xcfilelist",
			);
			name = "[CP] Embed Pods Frameworks";
			outputFileListPaths = (
				"${PODS_ROOT}/Target Support Files/Pods-instagramClone/Pods-instagramClone-frameworks-${CONFIGURATION}-output-files.xcfilelist",
			);
			runOnlyForDeploymentPostprocessing = 0;
			shellPath = /bin/sh;
			shellScript = "\"${PODS_ROOT}/Target Support Files/Pods-instagramClone/Pods-instagramClone-frameworks.sh\"\n";
			showEnvVarsInLog = 0;
		};
		D17DE714E4CC457118F91440 /* [CP] Check Pods Manifest.lock */ = {
			isa = PBXShellScriptBuildPhase;
			buildActionMask = 2147483647;
			files = (
			);
			inputFileListPaths = (
			);
			inputPaths = (
				"${PODS_PODFILE_DIR_PATH}/Podfile.lock",
				"${PODS_ROOT}/Manifest.lock",
			);
			name = "[CP] Check Pods Manifest.lock";
			outputFileListPaths = (
			);
			outputPaths = (
				"$(DERIVED_FILE_DIR)/Pods-instagramClone-checkManifestLockResult.txt",
			);
			runOnlyForDeploymentPostprocessing = 0;
			shellPath = /bin/sh;
			shellScript = "diff \"${PODS_PODFILE_DIR_PATH}/Podfile.lock\" \"${PODS_ROOT}/Manifest.lock\" > /dev/null\nif [ $? != 0 ] ; then\n    # print error to STDERR\n    echo \"error: The sandbox is not in sync with the Podfile.lock. Run 'pod install' or update your CocoaPods installation.\" >&2\n    exit 1\nfi\n# This output is used by Xcode 'outputs' to avoid re-running this script phase.\necho \"SUCCESS\" > \"${SCRIPT_OUTPUT_FILE_0}\"\n";
			showEnvVarsInLog = 0;
		};
/* End PBXShellScriptBuildPhase section */

/* Begin PBXSourcesBuildPhase section */
		BFFE339127FD21DC007AA884 /* Sources */ = {
			isa = PBXSourcesBuildPhase;
			buildActionMask = 2147483647;
			files = (
				BFFE339D27FD21DC007AA884 /* ViewController.swift in Sources */,
				BFFE339927FD21DC007AA884 /* AppDelegate.swift in Sources */,
				BFFE339B27FD21DC007AA884 /* SceneDelegate.swift in Sources */,
			);
			runOnlyForDeploymentPostprocessing = 0;
		};
/* End PBXSourcesBuildPhase section */

/* Begin PBXVariantGroup section */
		BFFE339E27FD21DC007AA884 /* Main.storyboard */ = {
			isa = PBXVariantGroup;
			children = (
				BFFE339F27FD21DC007AA884 /* Base */,
			);
			name = Main.storyboard;
			sourceTree = "<group>";
		};
		BFFE33A327FD21DF007AA884 /* LaunchScreen.storyboard */ = {
			isa = PBXVariantGroup;
			children = (
				BFFE33A427FD21DF007AA884 /* Base */,
			);
			name = LaunchScreen.storyboard;
			sourceTree = "<group>";
		};
/* End PBXVariantGroup section */

/* Begin XCBuildConfiguration section */
		BFFE33A727FD21DF007AA884 /* Debug */ = {
			isa = XCBuildConfiguration;
			buildSettings = {
				ALWAYS_SEARCH_USER_PATHS = NO;
				CLANG_ANALYZER_NONNULL = YES;
				CLANG_ANALYZER_NUMBER_OBJECT_CONVERSION = YES_AGGRESSIVE;
				CLANG_CXX_LANGUAGE_STANDARD = "gnu++17";
				CLANG_ENABLE_MODULES = YES;
				CLANG_ENABLE_OBJC_ARC = YES;
				CLANG_ENABLE_OBJC_WEAK = YES;
				CLANG_WARN_BLOCK_CAPTURE_AUTORELEASING = YES;
				CLANG_WARN_BOOL_CONVERSION = YES;
				CLANG_WARN_COMMA = YES;
				CLANG_WARN_CONSTANT_CONVERSION = YES;
				CLANG_WARN_DEPRECATED_OBJC_IMPLEMENTATIONS = YES;
				CLANG_WARN_DIRECT_OBJC_ISA_USAGE = YES_ERROR;
				CLANG_WARN_DOCUMENTATION_COMMENTS = YES;
				CLANG_WARN_EMPTY_BODY = YES;
				CLANG_WARN_ENUM_CONVERSION = YES;
				CLANG_WARN_INFINITE_RECURSION = YES;
				CLANG_WARN_INT_CONVERSION = YES;
				CLANG_WARN_NON_LITERAL_NULL_CONVERSION = YES;
				CLANG_WARN_OBJC_IMPLICIT_RETAIN_SELF = YES;
				CLANG_WARN_OBJC_LITERAL_CONVERSION = YES;
				CLANG_WARN_OBJC_ROOT_CLASS = YES_ERROR;
				CLANG_WARN_QUOTED_INCLUDE_IN_FRAMEWORK_HEADER = YES;
				CLANG_WARN_RANGE_LOOP_ANALYSIS = YES;
				CLANG_WARN_STRICT_PROTOTYPES = YES;
				CLANG_WARN_SUSPICIOUS_MOVE = YES;
				CLANG_WARN_UNGUARDED_AVAILABILITY = YES_AGGRESSIVE;
				CLANG_WARN_UNREACHABLE_CODE = YES;
				CLANG_WARN__DUPLICATE_METHOD_MATCH = YES;
				COPY_PHASE_STRIP = NO;
				DEBUG_INFORMATION_FORMAT = dwarf;
				ENABLE_STRICT_OBJC_MSGSEND = YES;
				ENABLE_TESTABILITY = YES;
				GCC_C_LANGUAGE_STANDARD = gnu11;
				GCC_DYNAMIC_NO_PIC = NO;
				GCC_NO_COMMON_BLOCKS = YES;
				GCC_OPTIMIZATION_LEVEL = 0;
				GCC_PREPROCESSOR_DEFINITIONS = (
					"DEBUG=1",
					"$(inherited)",
				);
				GCC_WARN_64_TO_32_BIT_CONVERSION = YES;
				GCC_WARN_ABOUT_RETURN_TYPE = YES_ERROR;
				GCC_WARN_UNDECLARED_SELECTOR = YES;
				GCC_WARN_UNINITIALIZED_AUTOS = YES_AGGRESSIVE;
				GCC_WARN_UNUSED_FUNCTION = YES;
				GCC_WARN_UNUSED_VARIABLE = YES;
				IPHONEOS_DEPLOYMENT_TARGET = 15.4;
				MTL_ENABLE_DEBUG_INFO = INCLUDE_SOURCE;
				MTL_FAST_MATH = YES;
				ONLY_ACTIVE_ARCH = YES;
				SDKROOT = iphoneos;
				SWIFT_ACTIVE_COMPILATION_CONDITIONS = DEBUG;
				SWIFT_OPTIMIZATION_LEVEL = "-Onone";
			};
			name = Debug;
		};
		BFFE33A827FD21DF007AA884 /* Release */ = {
			isa = XCBuildConfiguration;
			buildSettings = {
				ALWAYS_SEARCH_USER_PATHS = NO;
				CLANG_ANALYZER_NONNULL = YES;
				CLANG_ANALYZER_NUMBER_OBJECT_CONVERSION = YES_AGGRESSIVE;
				CLANG_CXX_LANGUAGE_STANDARD = "gnu++17";
				CLANG_ENABLE_MODULES = YES;
				CLANG_ENABLE_OBJC_ARC = YES;
				CLANG_ENABLE_OBJC_WEAK = YES;
				CLANG_WARN_BLOCK_CAPTURE_AUTORELEASING = YES;
				CLANG_WARN_BOOL_CONVERSION = YES;
				CLANG_WARN_COMMA = YES;
				CLANG_WARN_CONSTANT_CONVERSION = YES;
				CLANG_WARN_DEPRECATED_OBJC_IMPLEMENTATIONS = YES;
				CLANG_WARN_DIRECT_OBJC_ISA_USAGE = YES_ERROR;
				CLANG_WARN_DOCUMENTATION_COMMENTS = YES;
				CLANG_WARN_EMPTY_BODY = YES;
				CLANG_WARN_ENUM_CONVERSION = YES;
				CLANG_WARN_INFINITE_RECURSION = YES;
				CLANG_WARN_INT_CONVERSION = YES;
				CLANG_WARN_NON_LITERAL_NULL_CONVERSION = YES;
				CLANG_WARN_OBJC_IMPLICIT_RETAIN_SELF = YES;
				CLANG_WARN_OBJC_LITERAL_CONVERSION = YES;
				CLANG_WARN_OBJC_ROOT_CLASS = YES_ERROR;
				CLANG_WARN_QUOTED_INCLUDE_IN_FRAMEWORK_HEADER = YES;
				CLANG_WARN_RANGE_LOOP_ANALYSIS = YES;
				CLANG_WARN_STRICT_PROTOTYPES = YES;
				CLANG_WARN_SUSPICIOUS_MOVE = YES;
				CLANG_WARN_UNGUARDED_AVAILABILITY = YES_AGGRESSIVE;
				CLANG_WARN_UNREACHABLE_CODE = YES;
				CLANG_WARN__DUPLICATE_METHOD_MATCH = YES;
				COPY_PHASE_STRIP = NO;
				DEBUG_INFORMATION_FORMAT = "dwarf-with-dsym";
				ENABLE_NS_ASSERTIONS = NO;
				ENABLE_STRICT_OBJC_MSGSEND = YES;
				GCC_C_LANGUAGE_STANDARD = gnu11;
				GCC_NO_COMMON_BLOCKS = YES;
				GCC_WARN_64_TO_32_BIT_CONVERSION = YES;
				GCC_WARN_ABOUT_RETURN_TYPE = YES_ERROR;
				GCC_WARN_UNDECLARED_SELECTOR = YES;
				GCC_WARN_UNINITIALIZED_AUTOS = YES_AGGRESSIVE;
				GCC_WARN_UNUSED_FUNCTION = YES;
				GCC_WARN_UNUSED_VARIABLE = YES;
				IPHONEOS_DEPLOYMENT_TARGET = 15.4;
				MTL_ENABLE_DEBUG_INFO = NO;
				MTL_FAST_MATH = YES;
				SDKROOT = iphoneos;
				SWIFT_COMPILATION_MODE = wholemodule;
				SWIFT_OPTIMIZATION_LEVEL = "-O";
				VALIDATE_PRODUCT = YES;
			};
			name = Release;
		};
		BFFE33AA27FD21DF007AA884 /* Debug */ = {
			isa = XCBuildConfiguration;
			baseConfigurationReference = 0F375062B04B2D6CF1267B80 /* Pods-instagramClone.debug.xcconfig */;
			buildSettings = {
				ASSETCATALOG_COMPILER_APPICON_NAME = AppIcon;
				ASSETCATALOG_COMPILER_GLOBAL_ACCENT_COLOR_NAME = AccentColor;
				CODE_SIGN_STYLE = Automatic;
				CURRENT_PROJECT_VERSION = 1;
				DEVELOPMENT_TEAM = 64WAG22Y2J;
				GENERATE_INFOPLIST_FILE = YES;
				INFOPLIST_FILE = instagramClone/Info.plist;
				INFOPLIST_KEY_UIApplicationSupportsIndirectInputEvents = YES;
				INFOPLIST_KEY_UILaunchStoryboardName = LaunchScreen;
				INFOPLIST_KEY_UIMainStoryboardFile = Main;
				INFOPLIST_KEY_UISupportedInterfaceOrientations_iPad = "UIInterfaceOrientationPortrait UIInterfaceOrientationPortraitUpsideDown UIInterfaceOrientationLandscapeLeft UIInterfaceOrientationLandscapeRight";
				INFOPLIST_KEY_UISupportedInterfaceOrientations_iPhone = "UIInterfaceOrientationPortrait UIInterfaceOrientationLandscapeLeft UIInterfaceOrientationLandscapeRight";
				LD_RUNPATH_SEARCH_PATHS = (
					"$(inherited)",
					"@executable_path/Frameworks",
				);
				MARKETING_VERSION = 1.0;
				PRODUCT_BUNDLE_IDENTIFIER = vincent.instagramClone;
				PRODUCT_NAME = "$(TARGET_NAME)";
				SWIFT_EMIT_LOC_STRINGS = YES;
				SWIFT_VERSION = 5.0;
				TARGETED_DEVICE_FAMILY = "1,2";
			};
			name = Debug;
		};
		BFFE33AB27FD21DF007AA884 /* Release */ = {
			isa = XCBuildConfiguration;
			baseConfigurationReference = 81E1F6D3FFE1DC1AF3625BB0 /* Pods-instagramClone.release.xcconfig */;
			buildSettings = {
				ASSETCATALOG_COMPILER_APPICON_NAME = AppIcon;
				ASSETCATALOG_COMPILER_GLOBAL_ACCENT_COLOR_NAME = AccentColor;
				CODE_SIGN_STYLE = Automatic;
				CURRENT_PROJECT_VERSION = 1;
				DEVELOPMENT_TEAM = 64WAG22Y2J;
				GENERATE_INFOPLIST_FILE = YES;
				INFOPLIST_FILE = instagramClone/Info.plist;
				INFOPLIST_KEY_UIApplicationSupportsIndirectInputEvents = YES;
				INFOPLIST_KEY_UILaunchStoryboardName = LaunchScreen;
				INFOPLIST_KEY_UIMainStoryboardFile = Main;
				INFOPLIST_KEY_UISupportedInterfaceOrientations_iPad = "UIInterfaceOrientationPortrait UIInterfaceOrientationPortraitUpsideDown UIInterfaceOrientationLandscapeLeft UIInterfaceOrientationLandscapeRight";
				INFOPLIST_KEY_UISupportedInterfaceOrientations_iPhone = "UIInterfaceOrientationPortrait UIInterfaceOrientationLandscapeLeft UIInterfaceOrientationLandscapeRight";
				LD_RUNPATH_SEARCH_PATHS = (
					"$(inherited)",
					"@executable_path/Frameworks",
				);
				MARKETING_VERSION = 1.0;
				PRODUCT_BUNDLE_IDENTIFIER = vincent.instagramClone;
				PRODUCT_NAME = "$(TARGET_NAME)";
				SWIFT_EMIT_LOC_STRINGS = YES;
				SWIFT_VERSION = 5.0;
				TARGETED_DEVICE_FAMILY = "1,2";
			};
			name = Release;
		};
/* End XCBuildConfiguration section */

/* Begin XCConfigurationList section */
		BFFE339027FD21DC007AA884 /* Build configuration list for PBXProject "instagramClone" */ = {
			isa = XCConfigurationList;
			buildConfigurations = (
				BFFE33A727FD21DF007AA884 /* Debug */,
				BFFE33A827FD21DF007AA884 /* Release */,
			);
			defaultConfigurationIsVisible = 0;
			defaultConfigurationName = Release;
		};
		BFFE33A927FD21DF007AA884 /* Build configuration list for PBXNativeTarget "instagramClone" */ = {
			isa = XCConfigurationList;
			buildConfigurations = (
				BFFE33AA27FD21DF007AA884 /* Debug */,
				BFFE33AB27FD21DF007AA884 /* Release */,
			);
			defaultConfigurationIsVisible = 0;
			defaultConfigurationName = Release;
		};
/* End XCConfigurationList section */
	};
	rootObject = BFFE338D27FD21DC007AA884 /* Project object */;
}
